# This file is autogenerated, do not edit; changes may be undone by the next 'dep ensure'.


[[projects]]
  branch = "master"
  name = "github.com/marv2097/siprocket"
  packages = ["."]
  revision = "37a981bcc5c54a3309fad899b82fe122de5e1b6c"

[[projects]]
  branch = "master"
  name = "github.com/sotoz/gopcap"
  packages = ["pkg/gopcap"]
  revision = "5e9290d3e284eb5f6403156dfa55e603dc78a2b6"

[solve-meta]
  analyzer-name = "dep"
  analyzer-version = 1
  inputs-digest = "5483d5861d23a2072d9ab9cc6f0362384937c9622651be07d9ae238d1ae33e7f"
  solver-name = "gps-cdcl"
  solver-version = 1
